
Microsoft Visual Studio Solution File, Format Version 12.00
Project("{FAE04EC0-301F-11D3-BF4B-00C04F79EFBC}") = "POSProject", "POSProject.csproj", "{63406428-A453-4C48-8A34-56BBBCFF0AAD}"
EndProject
Global
	GlobalSection(SolutionConfigurationPlatforms) = preSolution
		Debug|Any CPU = Debug|Any CPU
		Release|Any CPU = Release|Any CPU
	EndGlobalSection
	GlobalSection(ProjectConfigurationPlatforms) = postSolution
		{63406428-A453-4C48-8A34-56BBBCFF0AAD}.Debug|Any CPU.ActiveCfg = Debug|Any CPU
		{63406428-A453-4C48-8A34-56BBBCFF0AAD}.Debug|Any CPU.Build.0 = Debug|Any CPU
		{63406428-A453-4C48-8A34-56BBBCFF0AAD}.Release|Any CPU.ActiveCfg = Release|Any CPU
		{63406428-A453-4C48-8A34-56BBBCFF0AAD}.Release|Any CPU.Build.0 = Release|Any CPU
	EndGlobalSection
EndGlobal
